# This file is autogenerated, do not edit; changes may be undone by the next 'dep ensure'.


[[projects]]
  digest = "1:a69ab3f1445ffd4815add4bd31ba05b65b3b9fec1ade5057d5d717f30e6efd6d"
  name = "github.com/SermoDigital/jose"
  packages = [
    ".",
    "crypto",
    "jws",
    "jwt",
  ]
  pruneopts = "UT"
  revision = "f6df55f235c24f236d11dbcf665249a59ac2021f"
  version = "1.1"

[[projects]]
  branch = "master"
  digest = "1:94b0cbf93b1e4db8241bc88517ff68203d851b76bd5fcf601f7b763780d76db3"
  name = "github.com/akaumov/cube"
  packages = ["."]
  pruneopts = "UT"
  revision = "d43007b9abca2fef7075644f54a9b624d8d7d5a6"

[[projects]]
  branch = "master"
  digest = "1:ebb3d712a3af8b97224dfef73677b54f32eee7c3469001cd85a99b3464f32e2b"
  name = "github.com/akaumov/cube-executor"
  packages = ["."]
  pruneopts = "UT"
  revision = "30ea37037e870d6e35a87d94155972b2649bfda1"

[[projects]]
  branch = "master"
  digest = "1:0ed42e17a431e8caa867e1517f3ef42022da844d21b6ed4797a611f35952e69a"
  name = "github.com/akaumov/cube-http-gateway"
  packages = ["js"]
  pruneopts = "UT"
  revision = "aaf33c92572ca5129601f661d395c546868fe099"

[[projects]]
  branch = "master"
  digest = "1:1355ede4fef4795136236daf223336a241fbb9e867c87e4463084e443dcd01db"
  name = "github.com/akaumov/nats-pool"
  packages = ["."]
  pruneopts = "UT"
  revision = "c7bed8c335be3988fe7978c69e6985b8bc5effac"

[[projects]]
  digest = "1:7b5c6e2eeaa9ae5907c391a91c132abfd5c9e8a784a341b5625e750c67e6825d"
  name = "github.com/gorilla/websocket"
  packages = ["."]
  pruneopts = "UT"
  revision = "66b9c49e59c6c48f0ffce28c2d8b8a5678502c6d"
  version = "v1.4.0"

[[projects]]
  digest = "1:4ce94f3d2074662c04677db471456feb56078244ebcfe3789e6e95901c085bc5"
  name = "github.com/nats-io/go-nats"
  packages = [
    ".",
    "encoders/builtin",
    "util",
  ]
  pruneopts = "UT"
  revision = "fb0396ee0bdb8018b0fef30d6d1de798ce99cd05"
  version = "v1.6.0"

[[projects]]
  digest = "1:c3cd663f2f30b92536b9f290ac85c6310dae36a14cb8961553ae9ccf0d85ae41"
  name = "github.com/nats-io/nuid"
  packages = ["."]
  pruneopts = "UT"
  revision = "289cccf02c178dc782430d534e3c1f5b72af807f"
  version = "v1.0.0"

[[projects]]
  digest = "1:274f67cb6fed9588ea2521ecdac05a6d62a8c51c074c1fccc6a49a40ba80e925"
  name = "github.com/satori/go.uuid"
  packages = ["."]
  pruneopts = "UT"
  revision = "f58768cc1a7a7e77a3bd49e98cdd21419399b6a3"
  version = "v1.2.0"

[[projects]]
  digest = "1:b24d38b282bacf9791408a080f606370efa3d364e4b5fd9ba0f7b87786d3b679"
  name = "github.com/urfave/cli"
  packages = ["."]
  pruneopts = "UT"
  revision = "cfb38830724cc34fedffe9a2a29fb54fa9169cd1"
  version = "v1.20.0"

[solve-meta]
  analyzer-name = "dep"
  analyzer-version = 1
  input-imports = [
    "github.com/SermoDigital/jose/crypto",
    "github.com/SermoDigital/jose/jws",
    "github.com/akaumov/cube",
    "github.com/akaumov/cube-executor",
    "github.com/akaumov/cube-http-gateway/js",
    "github.com/gorilla/websocket",
    "github.com/urfave/cli",
  ]
  solver-name = "gps-cdcl"
  solver-version = 1
